# AI Orchestra deterministic Temporal PoC dependency lock
# generator: pip-tools==7.6.1; python: 3.12.14; resolver: backtracking
# package-source policy: https://pypi.org/simple (resolution only; not embedded)
# input: poc/temporal/requirements.in
# scope: isolated CI proof-of-concept only; not Control Plane runtime
# install policy: exact pins + SHA-256 hashes required

nexus-rpc==1.4.0 \
    --hash=sha256:14c953d3519113f8ccec533a9efdb6b10c28afef75d11cdd6d422640c40b3a49 \
    --hash=sha256:3b8b373d4865671789cc43623e3dc0bcbf192562e40e13727e17f1c149050fba
    # via temporalio
protobuf==7.36.1 \
    --hash=sha256:0b53ce95272aad50ad25d7ff03373743209822e8ba42ea7fad27d2bee1547d00 \
    --hash=sha256:39c518c05586c016d7874ff6079ee115bcec1ea5fbb1d177fbf7867ef4c67e44 \
    --hash=sha256:3cf2ee25d006cee57294a1196ea43b37feb78e0dcd1e8af5c1aeddb777655aca \
    --hash=sha256:43d3d37b1eb24c113b9b7d02008cac44e423f00b611b7781ae998d7623972969 \
    --hash=sha256:51139351435d9b43d88a55eaa49fb6f737fbb478fb0cbf2cf694d1a04a9d3363 \
    --hash=sha256:7d951e46b3f963d6c264c367c437921de9d5aedd9c3f9612b9077736b4e3ad5c \
    --hash=sha256:97198b77e369a0abd8e262b8f6c7266c55ddb796a3a12c76d7b8881188ed83aa \
    --hash=sha256:d0f6470f0ce2b84e3feaea2d4b816378b37ba4d4aa08a274305373de93e2d524
    # via temporalio
temporalio==1.32.0 \
    --hash=sha256:158386bcd9a6dce1ab63d732fc967c5a5830e15c3012ffaa4b8772bdac099e0f \
    --hash=sha256:2cfa50ec7ebdab66902b80c3a09da3258883d68540811ebfbf44f7f293a4d7d0 \
    --hash=sha256:311abb9f0650f4ad9f24944ef16d8ed47954ddc3075c1e8c73dcd968d70ccdce \
    --hash=sha256:47c128732e5d49235c9daeeb084d55093cee5ebc200ccc3afaeb4468f08d809e \
    --hash=sha256:4dd44a60ba54901560011a32f085353c0f5e7dac6b8d7a7e0c7c4ba508c6bf5d \
    --hash=sha256:6a7100b1f1bf781f8f1800f89bb787b3dd7ce883e78603442d0c7a40e1143a86 \
    --hash=sha256:a86be3a6d237ea6cc2d632015a5df4cead2aa3143b9601721428b53b87df81e2 \
    --hash=sha256:e78a209dc5ef3303bc6a3033fe11ffd813b778e4b176ec18d20386d65952daa9
    # via -r requirements.in
types-protobuf==7.35.1.20260827 \
    --hash=sha256:5a98c18177cfd968d6a0de55ecfc4221aa829ef88bcd86104298e028516b04af \
    --hash=sha256:7cc452a012678a6a889287d4cb702ea54b9f90a6ab0f3aa4c019d21f3ae7529b
    # via temporalio
typing-extensions==4.16.0 \
    --hash=sha256:481caa481374e813c1b176ada14e97f1f67a4539ce9cfeb3f350d78d6370c2e8 \
    --hash=sha256:dc983d19a509c94dba722ee6abd33940f7c05a89e243c47e907eb4db6f1a43e5
    # via
    #   nexus-rpc
    #   temporalio
